// !$*UTF8*$!
{
	archiveVersion = 1;
	classes = {
	};
	objectVersion = 77;
	objects = {

/* Begin PBXBuildFile section */
		4059DF752F0058C6002B3BD1 /* OpenCloudSheet in Frameworks */ = {isa = PBXBuildFile; productRef = 4059DF742F0058C6002B3BD1 /* OpenCloudSheet */; };
/* End PBXBuildFile section */

/* Begin PBXContainerItemProxy section */
		40E52B692EED7B110066DB79 /* PBXContainerItemProxy */ = {
			isa = PBXContainerItemProxy;
			containerPortal = 40E52B532EED7B100066DB79 /* Project object */;
			proxyType = 1;
			remoteGlobalIDString = 40E52B5A2EED7B100066DB79;
			remoteInfo = CloudSheetDemo;
		};
		40E52B732EED7B110066DB79 /* PBXContainerItemProxy */ = {
			isa = PBXContainerItemProxy;
			containerPortal = 40E52B532EED7B100066DB79 /* Project object */;
			proxyType = 1;
			remoteGlobalIDString = 40E52B5A2EED7B100066DB79;
			remoteInfo = CloudSheetDemo;
		};
/* End PBXContainerItemProxy section */

/* Begin PBXFileReference section */
		40E52B5B2EED7B100066DB79 /* CloudSheetDemo.app */ = {isa = PBXFileReference; explicitFileType = wrapper.application; includeInIndex = 0; path = CloudSheetDemo.app; sourceTree = BUILT_PRODUCTS_DIR; };
		40E52B682EED7B110066DB79 /* CloudSheetDemoTests.xctest */ = {isa = PBXFileReference; explicitFileType = wrapper.cfbundle; includeInIndex = 0; path = CloudSheetDemoTests.xctest; sourceTree = BUILT_PRODUCTS_DIR; };
		40E52B722EED7B110066DB79 /* CloudSheetDemoUITests.xctest */ = {isa = PBXFileReference; explicitFileType = wrapper.cfbundle; includeInIndex = 0; path = CloudSheetDemoUITests.xctest; sourceTree = BUILT_PRODUCTS_DIR; };
/* End PBXFileReference section */

/* Begin PBXFileSystemSynchronizedBuildFileExceptionSet section */
		4059DF782F005BDA002B3BD1 /* Exceptions for "CloudSheetDemo" folder in "CloudSheetDemo" target */ = {
			isa = PBXFileSystemSynchronizedBuildFileExceptionSet;
			membershipExceptions = (
				Info.plist,
			);
			target = 40E52B5A2EED7B100066DB79 /* CloudSheetDemo */;
		};
/* End PBXFileSystemSynchronizedBuildFileExceptionSet section */

/* Begin PBXFileSystemSynchronizedRootGroup section */
		40E52B5D2EED7B100066DB79 /* CloudSheetDemo */ = {
			isa = PBXFileSystemSynchronizedRootGroup;
			exceptions = (
				4059DF782F005BDA002B3BD1 /* Exceptions for "CloudSheetDemo" folder in "CloudSheetDemo" target */,
			);
			path = CloudSheetDemo;
			sourceTree = "<group>";
		};
		40E52B6B2EED7B110066DB79 /* CloudSheetDemoTests */ = {
			isa = PBXFileSystemSynchronizedRootGroup;
			path = CloudSheetDemoTests;
			sourceTree = "<group>";
		};
		40E52B752EED7B110066DB79 /* CloudSheetDemoUITests */ = {
			isa = PBXFileSystemSynchronizedRootGroup;
			path = CloudSheetDemoUITests;
			sourceTree = "<group>";
		};
/* End PBXFileSystemSynchronizedRootGroup section */

/* Begin PBXFrameworksBuildPhase section */
		40E52B582EED7B100066DB79 /* Frameworks */ = {
			isa = PBXFrameworksBuildPhase;
			buildActionMask = 2147483647;
			files = (
				4059DF752F0058C6002B3BD1 /* OpenCloudSheet in Frameworks */,
			);
			runOnlyForDeploymentPostprocessing = 0;
		};
		40E52B652EED7B110066DB79 /* Frameworks */ = {
			isa = PBXFrameworksBuildPhase;
			buildActionMask = 2147483647;
			files = (
			);
			runOnlyForDeploymentPostprocessing = 0;
		};
		40E52B6F2EED7B110066DB79 /* Frameworks */ = {
			isa = PBXFrameworksBuildPhase;
			buildActionMask = 2147483647;
			files = (
			);
			runOnlyForDeploymentPostprocessing = 0;
		};
/* End PBXFrameworksBuildPhase section */

/* Begin PBXGroup section */
		40A4EC5C2EFFF4590082EC2A /* Frameworks */ = {
			isa = PBXGroup;
			children = (
			);
			name = Frameworks;
			sourceTree = "<group>";
		};
		40E52B522EED7B100066DB79 = {
			isa = PBXGroup;
			children = (
				40E52B5D2EED7B100066DB79 /* CloudSheetDemo */,
				40E52B6B2EED7B110066DB79 /* CloudSheetDemoTests */,
				40E52B752EED7B110066DB79 /* CloudSheetDemoUITests */,
				40A4EC5C2EFFF4590082EC2A /* Frameworks */,
				40E52B5C2EED7B100066DB79 /* Products */,
			);
			sourceTree = "<group>";
		};
		40E52B5C2EED7B100066DB79 /* Products */ = {
			isa = PBXGroup;
			children = (
				40E52B5B2EED7B100066DB79 /* CloudSheetDemo.app */,
				40E52B682EED7B110066DB79 /* CloudSheetDemoTests.xctest */,
				40E52B722EED7B110066DB79 /* CloudSheetDemoUITests.xctest */,
			);
			name = Products;
			sourceTree = "<group>";
		};
/* End PBXGroup section */

/* Begin PBXNativeTarget section */
		40E52B5A2EED7B100066DB79 /* CloudSheetDemo */ = {
			isa = PBXNativeTarget;
			buildConfigurationList = 40E52B7C2EED7B110066DB79 /* Build configuration list for PBXNativeTarget "CloudSheetDemo" */;
			buildPhases = (
				40E52B572EED7B100066DB79 /* Sources */,
				40E52B582EED7B100066DB79 /* Frameworks */,
				40E52B592EED7B100066DB79 /* Resources */,
			);
			buildRules = (
			);
			dependencies = (
			);
			fileSystemSynchronizedGroups = (
				40E52B5D2EED7B100066DB79 /* CloudSheetDemo */,
			);
			name = CloudSheetDemo;
			packageProductDependencies = (
				4059DF742F0058C6002B3BD1 /* OpenCloudSheet */,
			);
			productName = CloudSheetDemo;
			productReference = 40E52B5B2EED7B100066DB79 /* CloudSheetDemo.app */;
			productType = "com.apple.product-type.application";
		};
		40E52B672EED7B110066DB79 /* CloudSheetDemoTests */ = {
			isa = PBXNativeTarget;
			buildConfigurationList = 40E52B7F2EED7B110066DB79 /* Build configuration list for PBXNativeTarget "CloudSheetDemoTests" */;
			buildPhases = (
				40E52B642EED7B110066DB79 /* Sources */,
				40E52B652EED7B110066DB79 /* Frameworks */,
				40E52B662EED7B110066DB79 /* Resources */,
			);
			buildRules = (
			);
			dependencies = (
				40E52B6A2EED7B110066DB79 /* PBXTargetDependency */,
			);
			fileSystemSynchronizedGroups = (
				40E52B6B2EED7B110066DB79 /* CloudSheetDemoTests */,
			);
			name = CloudSheetDemoTests;
			packageProductDependencies = (
			);
			productName = CloudSheetDemoTests;
			productReference = 40E52B682EED7B110066DB79 /* CloudSheetDemoTests.xctest */;
			productType = "com.apple.product-type.bundle.unit-test";
		};
		40E52B712EED7B110066DB79 /* CloudSheetDemoUITests */ = {
			isa = PBXNativeTarget;
			buildConfigurationList = 40E52B822EED7B110066DB79 /* Build configuration list for PBXNativeTarget "CloudSheetDemoUITests" */;
			buildPhases = (
				40E52B6E2EED7B110066DB79 /* Sources */,
				40E52B6F2EED7B110066DB79 /* Frameworks */,
				40E52B702EED7B110066DB79 /* Resources */,
			);
			buildRules = (
			);
			dependencies = (
				40E52B742EED7B110066DB79 /* PBXTargetDependency */,
			);
			fileSystemSynchronizedGroups = (
				40E52B752EED7B110066DB79 /* CloudSheetDemoUITests */,
			);
			name = CloudSheetDemoUITests;
			packageProductDependencies = (
			);
			productName = CloudSheetDemoUITests;
			productReference = 40E52B722EED7B110066DB79 /* CloudSheetDemoUITests.xctest */;
			productType = "com.apple.product-type.bundle.ui-testing";
		};
/* End PBXNativeTarget section */

/* Begin PBXProject section */
		40E52B532EED7B100066DB79 /* Project object */ = {
			isa = PBXProject;
			attributes = {
				BuildIndependentTargetsInParallel = 1;
				LastSwiftUpdateCheck = 2610;
				LastUpgradeCheck = 2610;
				TargetAttributes = {
					40E52B5A2EED7B100066DB79 = {
						CreatedOnToolsVersion = 26.1.1;
					};
					40E52B672EED7B110066DB79 = {
						CreatedOnToolsVersion = 26.1.1;
						TestTargetID = 40E52B5A2EED7B100066DB79;
					};
					40E52B712EED7B110066DB79 = {
						CreatedOnToolsVersion = 26.1.1;
						TestTargetID = 40E52B5A2EED7B100066DB79;
					};
				};
			};
			buildConfigurationList = 40E52B562EED7B100066DB79 /* Build configuration list for PBXProject "CloudSheetDemo" */;
			developmentRegion = en;
			hasScannedForEncodings = 0;
			knownRegions = (
				en,
				Base,
			);
			mainGroup = 40E52B522EED7B100066DB79;
			minimizedProjectReferenceProxies = 1;
			packageReferences = (
				4059DF912F005E33002B3BD1 /* XCLocalSwiftPackageReference "../../../sdk/ios/OpenCloudSheet" */,
			);
			preferredProjectObjectVersion = 77;
			productRefGroup = 40E52B5C2EED7B100066DB79 /* Products */;
			projectDirPath = "";
			projectRoot = "";
			targets = (
				40E52B5A2EED7B100066DB79 /* CloudSheetDemo */,
				40E52B672EED7B110066DB79 /* CloudSheetDemoTests */,
				40E52B712EED7B110066DB79 /* CloudSheetDemoUITests */,
			);
		};
/* End PBXProject section */

/* Begin PBXResourcesBuildPhase section */
		40E52B592EED7B100066DB79 /* Resources */ = {
			isa = PBXResourcesBuildPhase;
			buildActionMask = 2147483647;
			files = (
			);
			runOnlyForDeploymentPostprocessing = 0;
		};
		40E52B662EED7B110066DB79 /* Resources */ = {
			isa = PBXResourcesBuildPhase;
			buildActionMask = 2147483647;
			files = (
			);
			runOnlyForDeploymentPostprocessing = 0;
		};
		40E52B702EED7B110066DB79 /* Resources */ = {
			isa = PBXResourcesBuildPhase;
			buildActionMask = 2147483647;
			files = (
			);
			runOnlyForDeploymentPostprocessing = 0;
		};
/* End PBXResourcesBuildPhase section */

/* Begin PBXSourcesBuildPhase section */
		40E52B572EED7B100066DB79 /* Sources */ = {
			isa = PBXSourcesBuildPhase;
			buildActionMask = 2147483647;
			files = (
			);
			runOnlyForDeploymentPostprocessing = 0;
		};
		40E52B642EED7B110066DB79 /* Sources */ = {
			isa = PBXSourcesBuildPhase;
			buildActionMask = 2147483647;
			files = (
			);
			runOnlyForDeploymentPostprocessing = 0;
		};
		40E52B6E2EED7B110066DB79 /* Sources */ = {
			isa = PBXSourcesBuildPhase;
			buildActionMask = 2147483647;
			files = (
			);
			runOnlyForDeploymentPostprocessing = 0;
		};
/* End PBXSourcesBuildPhase section */

/* Begin PBXTargetDependency section */
		40E52B6A2EED7B110066DB79 /* PBXTargetDependency */ = {
			isa = PBXTargetDependency;
			target = 40E52B5A2EED7B100066DB79 /* CloudSheetDemo */;
			targetProxy = 40E52B692EED7B110066DB79 /* PBXContainerItemProxy */;
		};
		40E52B742EED7B110066DB79 /* PBXTargetDependency */ = {
			isa = PBXTargetDependency;
			target = 40E52B5A2EED7B100066DB79 /* CloudSheetDemo */;
			targetProxy = 40E52B732EED7B110066DB79 /* PBXContainerItemProxy */;
		};
/* End PBXTargetDependency section */

/* Begin XCBuildConfiguration section */
		40E52B7A2EED7B110066DB79 /* Debug */ = {
			isa = XCBuildConfiguration;
			buildSettings = {
				ALWAYS_SEARCH_USER_PATHS = NO;
				ASSETCATALOG_COMPILER_GENERATE_SWIFT_ASSET_SYMBOL_EXTENSIONS = YES;
				CLANG_ANALYZER_NONNULL = YES;
				CLANG_ANALYZER_NUMBER_OBJECT_CONVERSION = YES_AGGRESSIVE;
				CLANG_CXX_LANGUAGE_STANDARD = "gnu++20";
				CLANG_ENABLE_MODULES = YES;
				CLANG_ENABLE_OBJC_ARC = YES;
				CLANG_ENABLE_OBJC_WEAK = YES;
				CLANG_WARN_BLOCK_CAPTURE_AUTORELEASING = YES;
				CLANG_WARN_BOOL_CONVERSION = YES;
				CLANG_WARN_COMMA = YES;
				CLANG_WARN_CONSTANT_CONVERSION = YES;
				CLANG_WARN_DEPRECATED_OBJC_IMPLEMENTATIONS = YES;
				CLANG_WARN_DIRECT_OBJC_ISA_USAGE = YES_ERROR;
				CLANG_WARN_DOCUMENTATION_COMMENTS = YES;
				CLANG_WARN_EMPTY_BODY = YES;
				CLANG_WARN_ENUM_CONVERSION = YES;
				CLANG_WARN_INFINITE_RECURSION = YES;
				CLANG_WARN_INT_CONVERSION = YES;
				CLANG_WARN_NON_LITERAL_NULL_CONVERSION = YES;
				CLANG_WARN_OBJC_IMPLICIT_RETAIN_SELF = YES;
				CLANG_WARN_OBJC_LITERAL_CONVERSION = YES;
				CLANG_WARN_OBJC_ROOT_CLASS = YES_ERROR;
				CLANG_WARN_QUOTED_INCLUDE_IN_FRAMEWORK_HEADER = YES;
				CLANG_WARN_RANGE_LOOP_ANALYSIS = YES;
				CLANG_WARN_STRICT_PROTOTYPES = YES;
				CLANG_WARN_SUSPICIOUS_MOVE = YES;
				CLANG_WARN_UNGUARDED_AVAILABILITY = YES_AGGRESSIVE;
				CLANG_WARN_UNREACHABLE_CODE = YES;
				CLANG_WARN__DUPLICATE_METHOD_MATCH = YES;
				COPY_PHASE_STRIP = NO;
				DEBUG_INFORMATION_FORMAT = dwarf;
				DEVELOPMENT_TEAM = WP3N7HCGMX;
				ENABLE_STRICT_OBJC_MSGSEND = YES;
				ENABLE_TESTABILITY = YES;
				ENABLE_USER_SCRIPT_SANDBOXING = YES;
				GCC_C_LANGUAGE_STANDARD = gnu17;
				GCC_DYNAMIC_NO_PIC = NO;
				GCC_NO_COMMON_BLOCKS = YES;
				GCC_OPTIMIZATION_LEVEL = 0;
				GCC_PREPROCESSOR_DEFINITIONS = (
					"DEBUG=1",
					"$(inherited)",
				);
				GCC_WARN_64_TO_32_BIT_CONVERSION = YES;
				GCC_WARN_ABOUT_RETURN_TYPE = YES_ERROR;
				GCC_WARN_UNDECLARED_SELECTOR = YES;
				GCC_WARN_UNINITIALIZED_AUTOS = YES_AGGRESSIVE;
				GCC_WARN_UNUSED_FUNCTION = YES;
				GCC_WARN_UNUSED_VARIABLE = YES;
				IPHONEOS_DEPLOYMENT_TARGET = 26.1;
				LOCALIZATION_PREFERS_STRING_CATALOGS = YES;
				MTL_ENABLE_DEBUG_INFO = INCLUDE_SOURCE;
				MTL_FAST_MATH = YES;
				ONLY_ACTIVE_ARCH = YES;
				SDKROOT = iphoneos;
				SWIFT_ACTIVE_COMPILATION_CONDITIONS = "DEBUG $(inherited)";
				SWIFT_OPTIMIZATION_LEVEL = "-Onone";
			};
			name = Debug;
		};
		40E52B7B2EED7B110066DB79 /* Release */ = {
			isa = XCBuildConfiguration;
			buildSettings = {
				ALWAYS_SEARCH_USER_PATHS = NO;
				ASSETCATALOG_COMPILER_GENERATE_SWIFT_ASSET_SYMBOL_EXTENSIONS = YES;
				CLANG_ANALYZER_NONNULL = YES;
				CLANG_ANALYZER_NUMBER_OBJECT_CONVERSION = YES_AGGRESSIVE;
				CLANG_CXX_LANGUAGE_STANDARD = "gnu++20";
				CLANG_ENABLE_MODULES = YES;
				CLANG_ENABLE_OBJC_ARC = YES;
				CLANG_ENABLE_OBJC_WEAK = YES;
				CLANG_WARN_BLOCK_CAPTURE_AUTORELEASING = YES;
				CLANG_WARN_BOOL_CONVERSION = YES;
				CLANG_WARN_COMMA = YES;
				CLANG_WARN_CONSTANT_CONVERSION = YES;
				CLANG_WARN_DEPRECATED_OBJC_IMPLEMENTATIONS = YES;
				CLANG_WARN_DIRECT_OBJC_ISA_USAGE = YES_ERROR;
				CLANG_WARN_DOCUMENTATION_COMMENTS = YES;
				CLANG_WARN_EMPTY_BODY = YES;
				CLANG_WARN_ENUM_CONVERSION = YES;
				CLANG_WARN_INFINITE_RECURSION = YES;
				CLANG_WARN_INT_CONVERSION = YES;
				CLANG_WARN_NON_LITERAL_NULL_CONVERSION = YES;
				CLANG_WARN_OBJC_IMPLICIT_RETAIN_SELF = YES;
				CLANG_WARN_OBJC_LITERAL_CONVERSION = YES;
				CLANG_WARN_OBJC_ROOT_CLASS = YES_ERROR;
				CLANG_WARN_QUOTED_INCLUDE_IN_FRAMEWORK_HEADER = YES;
				CLANG_WARN_RANGE_LOOP_ANALYSIS = YES;
				CLANG_WARN_STRICT_PROTOTYPES = YES;
				CLANG_WARN_SUSPICIOUS_MOVE = YES;
				CLANG_WARN_UNGUARDED_AVAILABILITY = YES_AGGRESSIVE;
				CLANG_WARN_UNREACHABLE_CODE = YES;
				CLANG_WARN__DUPLICATE_METHOD_MATCH = YES;
				COPY_PHASE_STRIP = NO;
				DEBUG_INFORMATION_FORMAT = "dwarf-with-dsym";
				DEVELOPMENT_TEAM = WP3N7HCGMX;
				ENABLE_NS_ASSERTIONS = NO;
				ENABLE_STRICT_OBJC_MSGSEND = YES;
				ENABLE_USER_SCRIPT_SANDBOXING = YES;
				GCC_C_LANGUAGE_STANDARD = gnu17;
				GCC_NO_COMMON_BLOCKS = YES;
				GCC_WARN_64_TO_32_BIT_CONVERSION = YES;
				GCC_WARN_ABOUT_RETURN_TYPE = YES_ERROR;
				GCC_WARN_UNDECLARED_SELECTOR = YES;
				GCC_WARN_UNINITIALIZED_AUTOS = YES_AGGRESSIVE;
				GCC_WARN_UNUSED_FUNCTION = YES;
				GCC_WARN_UNUSED_VARIABLE = YES;
				IPHONEOS_DEPLOYMENT_TARGET = 26.1;
				LOCALIZATION_PREFERS_STRING_CATALOGS = YES;
				MTL_ENABLE_DEBUG_INFO = NO;
				MTL_FAST_MATH = YES;
				SDKROOT = iphoneos;
				SWIFT_COMPILATION_MODE = wholemodule;
				VALIDATE_PRODUCT = YES;
			};
			name = Release;
		};
		40E52B7D2EED7B110066DB79 /* Debug */ = {
			isa = XCBuildConfiguration;
			buildSettings = {
				ASSETCATALOG_COMPILER_APPICON_NAME = AppIcon;
				ASSETCATALOG_COMPILER_GLOBAL_ACCENT_COLOR_NAME = AccentColor;
				CODE_SIGN_ENTITLEMENTS = CloudSheetDemo/CloudSheetDemo.entitlements;
				CODE_SIGN_STYLE = Automatic;
				CURRENT_PROJECT_VERSION = 1;
				DEVELOPMENT_TEAM = WP3N7HCGMX;
				ENABLE_PREVIEWS = YES;
				GENERATE_INFOPLIST_FILE = YES;
				INFOPLIST_FILE = CloudSheetDemo/Info.plist;
				INFOPLIST_KEY_UIApplicationSceneManifest_Generation = YES;
				INFOPLIST_KEY_UIApplicationSupportsIndirectInputEvents = YES;
				INFOPLIST_KEY_UILaunchScreen_Generation = YES;
				INFOPLIST_KEY_UISupportedInterfaceOrientations_iPad = "UIInterfaceOrientationPortrait UIInterfaceOrientationPortraitUpsideDown UIInterfaceOrientationLandscapeLeft UIInterfaceOrientationLandscapeRight";
				INFOPLIST_KEY_UISupportedInterfaceOrientations_iPhone = "UIInterfaceOrientationPortrait UIInterfaceOrientationLandscapeLeft UIInterfaceOrientationLandscapeRight";
				IPHONEOS_DEPLOYMENT_TARGET = 16.6;
				LD_RUNPATH_SEARCH_PATHS = (
					"$(inherited)",
					"@executable_path/Frameworks",
				);
				MARKETING_VERSION = 1.0;
				PRODUCT_BUNDLE_IDENTIFIER = com.opencloudsheet.cloudsheetDemo;
				PRODUCT_NAME = "$(TARGET_NAME)";
				STRING_CATALOG_GENERATE_SYMBOLS = YES;
				SWIFT_APPROACHABLE_CONCURRENCY = YES;
				SWIFT_DEFAULT_ACTOR_ISOLATION = MainActor;
				SWIFT_EMIT_LOC_STRINGS = YES;
				SWIFT_UPCOMING_FEATURE_MEMBER_IMPORT_VISIBILITY = YES;
				SWIFT_VERSION = 5.0;
				TARGETED_DEVICE_FAMILY = "1,2";
			};
			name = Debug;
		};
		40E52B7E2EED7B110066DB79 /* Release */ = {
			isa = XCBuildConfiguration;
			buildSettings = {
				ASSETCATALOG_COMPILER_APPICON_NAME = AppIcon;
				ASSETCATALOG_COMPILER_GLOBAL_ACCENT_COLOR_NAME = AccentColor;
				CODE_SIGN_ENTITLEMENTS = CloudSheetDemo/CloudSheetDemo.entitlements;
				CODE_SIGN_STYLE = Automatic;
				CURRENT_PROJECT_VERSION = 1;
				DEVELOPMENT_TEAM = WP3N7HCGMX;
				ENABLE_PREVIEWS = YES;
				GENERATE_INFOPLIST_FILE = YES;
				INFOPLIST_FILE = CloudSheetDemo/Info.plist;
				INFOPLIST_KEY_UIApplicationSceneManifest_Generation = YES;
				INFOPLIST_KEY_UIApplicationSupportsIndirectInputEvents = YES;
				INFOPLIST_KEY_UILaunchScreen_Generation = YES;
				INFOPLIST_KEY_UISupportedInterfaceOrientations_iPad = "UIInterfaceOrientationPortrait UIInterfaceOrientationPortraitUpsideDown UIInterfaceOrientationLandscapeLeft UIInterfaceOrientationLandscapeRight";
				INFOPLIST_KEY_UISupportedInterfaceOrientations_iPhone = "UIInterfaceOrientationPortrait UIInterfaceOrientationLandscapeLeft UIInterfaceOrientationLandscapeRight";
				IPHONEOS_DEPLOYMENT_TARGET = 16.6;
				LD_RUNPATH_SEARCH_PATHS = (
					"$(inherited)",
					"@executable_path/Frameworks",
				);
				MARKETING_VERSION = 1.0;
				PRODUCT_BUNDLE_IDENTIFIER = com.opencloudsheet.cloudsheetDemo;
				PRODUCT_NAME = "$(TARGET_NAME)";
				STRING_CATALOG_GENERATE_SYMBOLS = YES;
				SWIFT_APPROACHABLE_CONCURRENCY = YES;
				SWIFT_DEFAULT_ACTOR_ISOLATION = MainActor;
				SWIFT_EMIT_LOC_STRINGS = YES;
				SWIFT_UPCOMING_FEATURE_MEMBER_IMPORT_VISIBILITY = YES;
				SWIFT_VERSION = 5.0;
				TARGETED_DEVICE_FAMILY = "1,2";
			};
			name = Release;
		};
		40E52B802EED7B110066DB79 /* Debug */ = {
			isa = XCBuildConfiguration;
			buildSettings = {
				BUNDLE_LOADER = "$(TEST_HOST)";
				CODE_SIGN_STYLE = Automatic;
				CURRENT_PROJECT_VERSION = 1;
				DEVELOPMENT_TEAM = WP3N7HCGMX;
				GENERATE_INFOPLIST_FILE = YES;
				IPHONEOS_DEPLOYMENT_TARGET = 26.1;
				MARKETING_VERSION = 1.0;
				PRODUCT_BUNDLE_IDENTIFIER = com.opencloudsheet.CloudSheetDemoTests;
				PRODUCT_NAME = "$(TARGET_NAME)";
				STRING_CATALOG_GENERATE_SYMBOLS = NO;
				SWIFT_APPROACHABLE_CONCURRENCY = YES;
				SWIFT_EMIT_LOC_STRINGS = NO;
				SWIFT_UPCOMING_FEATURE_MEMBER_IMPORT_VISIBILITY = YES;
				SWIFT_VERSION = 5.0;
				TARGETED_DEVICE_FAMILY = "1,2";
				TEST_HOST = "$(BUILT_PRODUCTS_DIR)/CloudSheetDemo.app/$(BUNDLE_EXECUTABLE_FOLDER_PATH)/CloudSheetDemo";
			};
			name = Debug;
		};
		40E52B812EED7B110066DB79 /* Release */ = {
			isa = XCBuildConfiguration;
			buildSettings = {
				BUNDLE_LOADER = "$(TEST_HOST)";
				CODE_SIGN_STYLE = Automatic;
				CURRENT_PROJECT_VERSION = 1;
				DEVELOPMENT_TEAM = WP3N7HCGMX;
				GENERATE_INFOPLIST_FILE = YES;
				IPHONEOS_DEPLOYMENT_TARGET = 26.1;
				MARKETING_VERSION = 1.0;
				PRODUCT_BUNDLE_IDENTIFIER = com.opencloudsheet.CloudSheetDemoTests;
				PRODUCT_NAME = "$(TARGET_NAME)";
				STRING_CATALOG_GENERATE_SYMBOLS = NO;
				SWIFT_APPROACHABLE_CONCURRENCY = YES;
				SWIFT_EMIT_LOC_STRINGS = NO;
				SWIFT_UPCOMING_FEATURE_MEMBER_IMPORT_VISIBILITY = YES;
				SWIFT_VERSION = 5.0;
				TARGETED_DEVICE_FAMILY = "1,2";
				TEST_HOST = "$(BUILT_PRODUCTS_DIR)/CloudSheetDemo.app/$(BUNDLE_EXECUTABLE_FOLDER_PATH)/CloudSheetDemo";
			};
			name = Release;
		};
		40E52B832EED7B110066DB79 /* Debug */ = {
			isa = XCBuildConfiguration;
			buildSettings = {
				CODE_SIGN_STYLE = Automatic;
				CURRENT_PROJECT_VERSION = 1;
				DEVELOPMENT_TEAM = WP3N7HCGMX;
				GENERATE_INFOPLIST_FILE = YES;
				MARKETING_VERSION = 1.0;
				PRODUCT_BUNDLE_IDENTIFIER = com.opencloudsheet.CloudSheetDemoUITests;
				PRODUCT_NAME = "$(TARGET_NAME)";
				STRING_CATALOG_GENERATE_SYMBOLS = NO;
				SWIFT_APPROACHABLE_CONCURRENCY = YES;
				SWIFT_EMIT_LOC_STRINGS = NO;
				SWIFT_UPCOMING_FEATURE_MEMBER_IMPORT_VISIBILITY = YES;
				SWIFT_VERSION = 5.0;
				TARGETED_DEVICE_FAMILY = "1,2";
				TEST_TARGET_NAME = CloudSheetDemo;
			};
			name = Debug;
		};
		40E52B842EED7B110066DB79 /* Release */ = {
			isa = XCBuildConfiguration;
			buildSettings = {
				CODE_SIGN_STYLE = Automatic;
				CURRENT_PROJECT_VERSION = 1;
				DEVELOPMENT_TEAM = WP3N7HCGMX;
				GENERATE_INFOPLIST_FILE = YES;
				MARKETING_VERSION = 1.0;
				PRODUCT_BUNDLE_IDENTIFIER = com.opencloudsheet.CloudSheetDemoUITests;
				PRODUCT_NAME = "$(TARGET_NAME)";
				STRING_CATALOG_GENERATE_SYMBOLS = NO;
				SWIFT_APPROACHABLE_CONCURRENCY = YES;
				SWIFT_EMIT_LOC_STRINGS = NO;
				SWIFT_UPCOMING_FEATURE_MEMBER_IMPORT_VISIBILITY = YES;
				SWIFT_VERSION = 5.0;
				TARGETED_DEVICE_FAMILY = "1,2";
				TEST_TARGET_NAME = CloudSheetDemo;
			};
			name = Release;
		};
/* End XCBuildConfiguration section */

/* Begin XCConfigurationList section */
		40E52B562EED7B100066DB79 /* Build configuration list for PBXProject "CloudSheetDemo" */ = {
			isa = XCConfigurationList;
			buildConfigurations = (
				40E52B7A2EED7B110066DB79 /* Debug */,
				40E52B7B2EED7B110066DB79 /* Release */,
			);
			defaultConfigurationIsVisible = 0;
			defaultConfigurationName = Release;
		};
		40E52B7C2EED7B110066DB79 /* Build configuration list for PBXNativeTarget "CloudSheetDemo" */ = {
			isa = XCConfigurationList;
			buildConfigurations = (
				40E52B7D2EED7B110066DB79 /* Debug */,
				40E52B7E2EED7B110066DB79 /* Release */,
			);
			defaultConfigurationIsVisible = 0;
			defaultConfigurationName = Release;
		};
		40E52B7F2EED7B110066DB79 /* Build configuration list for PBXNativeTarget "CloudSheetDemoTests" */ = {
			isa = XCConfigurationList;
			buildConfigurations = (
				40E52B802EED7B110066DB79 /* Debug */,
				40E52B812EED7B110066DB79 /* Release */,
			);
			defaultConfigurationIsVisible = 0;
			defaultConfigurationName = Release;
		};
		40E52B822EED7B110066DB79 /* Build configuration list for PBXNativeTarget "CloudSheetDemoUITests" */ = {
			isa = XCConfigurationList;
			buildConfigurations = (
				40E52B832EED7B110066DB79 /* Debug */,
				40E52B842EED7B110066DB79 /* Release */,
			);
			defaultConfigurationIsVisible = 0;
			defaultConfigurationName = Release;
		};
/* End XCConfigurationList section */

/* Begin XCLocalSwiftPackageReference section */
		4059DF912F005E33002B3BD1 /* XCLocalSwiftPackageReference "../../../sdk/ios/OpenCloudSheet" */ = {
			isa = XCLocalSwiftPackageReference;
			relativePath = ../../../sdk/ios/OpenCloudSheet;
		};
/* End XCLocalSwiftPackageReference section */

/* Begin XCSwiftPackageProductDependency section */
		4059DF742F0058C6002B3BD1 /* OpenCloudSheet */ = {
			isa = XCSwiftPackageProductDependency;
			package = 4059DF912F005E33002B3BD1 /* XCLocalSwiftPackageReference "../../../sdk/ios/OpenCloudSheet" */;
			productName = OpenCloudSheet;
		};
/* End XCSwiftPackageProductDependency section */
	};
	rootObject = 40E52B532EED7B100066DB79 /* Project object */;
}
